%{
  "common_x": {:hex, :common_x, "0.2.3", "5742aed50ca1d6cd6e25b744e79095e3ef3869e950053de4fb9195abae9eca0b", [:mix], [], "hexpm", "8dc1c235751cc9e626c9cd210ad2aaacfaf4ed58c6c7ae0008ca1db55502c760"},
  "jason": {:hex, :jason, "1.1.2", "b03dedea67a99223a2eaf9f1264ce37154564de899fd3d8b9a21b1a6fd64afe7", [:mix], [{:decimal, "~> 1.0", [hex: :decimal, repo: "hexpm", optional: true]}], "hexpm", "fdf843bca858203ae1de16da2ee206f53416bbda5dc8c9e78f43243de4bc3afe"},
  "kvasir": {:git, "https://github.com/IanLuites/kvasir", "b8319d94df170b263af869cfb301dd294ba44eb1", [branch: "release/v1.0"]},
  "kvasir_agent": {:git, "https://github.com/IanLuites/kvasir_agent", "4d5e0354ff62f817ebbfb029737be1a5b6f528ac", [branch: "release/v1.0"]},
  "msgpax": {:hex, :msgpax, "2.2.4", "7b3790ef684089076b63c0f08c2f4b079c6311daeb006b69e4ed2bf67518291e", [:mix], [{:plug, "~> 1.0", [hex: :plug, repo: "hexpm", optional: true]}], "hexpm", "b351b6d992d79624a8430a99d21a41b36b1b90edf84326a294e9f4a2de11f089"},
  "poolboy": {:hex, :poolboy, "1.5.2", "392b007a1693a64540cead79830443abf5762f5d30cf50bc95cb2c1aaafa006b", [:rebar3], [], "hexpm", "dad79704ce5440f3d5a3681c8590b9dc25d1a561e8f5a9c995281012860901e3"},
  "raditz": {:hex, :raditz, "0.0.7", "43c03af098ba10655fb8eb7b90cea5a14b7c831976968d47601d4062ec6dbe01", [:mix], [{:poolboy, "~> 1.5", [hex: :poolboy, repo: "hexpm", optional: false]}, {:redix, "~> 0.10", [hex: :redix, repo: "hexpm", optional: false]}], "hexpm", "90359dd45da42634e551fc412fd07317b8e2e8efa1f923c10a98538ec65f3072"},
  "redix": {:hex, :redix, "0.10.4", "b87c1728e02dd8bad0e8ed2a97c4855d9677dfcefb293800fdb1ca726278ea27", [:mix], [{:castore, "~> 0.1.0", [hex: :castore, repo: "hexpm", optional: true]}, {:telemetry, "~> 0.4.0", [hex: :telemetry, repo: "hexpm", optional: false]}], "hexpm", "cdf44832b01286f594846d8858866b4ee006c056b027d15557e17b0df9203584"},
  "telemetry": {:hex, :telemetry, "0.4.1", "ae2718484892448a24470e6aa341bc847c3277bfb8d4e9289f7474d752c09c7f", [:rebar3], [], "hexpm", "4738382e36a0a9a2b6e25d67c960e40e1a2c95560b9f936d8e29de8cd858480f"},
  "utc_datetime": {:hex, :utc_datetime, "0.0.13", "6781ca49a09009d50c622dbb91346d85a31592e01254ad7ebd48835df9896f33", [:mix], [{:ecto, ">= 3.0.0", [hex: :ecto, repo: "hexpm", optional: true]}, {:jason, ">= 1.0.0", [hex: :jason, repo: "hexpm", optional: true]}], "hexpm", "6047220381b1b7f9e9eb1900944ae1352778c76ef1d2d9d42e6a48a3ea18cc85"},
}
